
Microsoft Visual Studio Solution File, Format Version 11.00
# Visual Studio 2010
Project("{8BC9CEB8-8B4A-11D0-8D11-00A0C91BC942}") = "SPO_LB2_Server", "SPO_LB2_Server\SPO_LB2_Server.vcxproj", "{5284086B-68F6-49CE-A7ED-1567B1991E34}"
EndProject
Project("{8BC9CEB8-8B4A-11D0-8D11-00A0C91BC942}") = "SPO_LB2_Client1", "..\SPO_LB2_Client1\SPO_LB2_Client1.vcxproj", "{2423AE5E-D2AF-451C-97C4-FA001595317A}"
EndProject
Project("{8BC9CEB8-8B4A-11D0-8D11-00A0C91BC942}") = "SPO_LB2_Client2", "..\SPO_LB2_Client2\SPO_LB2_Client2.vcxproj", "{E0A707F9-F817-4030-9361-D274903281E0}"
EndProject
Global
	GlobalSection(SolutionConfigurationPlatforms) = preSolution
		Debug|Win32 = Debug|Win32
		Release|Win32 = Release|Win32
	EndGlobalSection
	GlobalSection(ProjectConfigurationPlatforms) = postSolution
		{5284086B-68F6-49CE-A7ED-1567B1991E34}.Debug|Win32.ActiveCfg = Debug|Win32
		{5284086B-68F6-49CE-A7ED-1567B1991E34}.Debug|Win32.Build.0 = Debug|Win32
		{5284086B-68F6-49CE-A7ED-1567B1991E34}.Release|Win32.ActiveCfg = Release|Win32
		{5284086B-68F6-49CE-A7ED-1567B1991E34}.Release|Win32.Build.0 = Release|Win32
		{2423AE5E-D2AF-451C-97C4-FA001595317A}.Debug|Win32.ActiveCfg = Debug|Win32
		{2423AE5E-D2AF-451C-97C4-FA001595317A}.Debug|Win32.Build.0 = Debug|Win32
		{2423AE5E-D2AF-451C-97C4-FA001595317A}.Release|Win32.ActiveCfg = Release|Win32
		{2423AE5E-D2AF-451C-97C4-FA001595317A}.Release|Win32.Build.0 = Release|Win32
		{E0A707F9-F817-4030-9361-D274903281E0}.Debug|Win32.ActiveCfg = Debug|Win32
		{E0A707F9-F817-4030-9361-D274903281E0}.Debug|Win32.Build.0 = Debug|Win32
		{E0A707F9-F817-4030-9361-D274903281E0}.Release|Win32.ActiveCfg = Release|Win32
		{E0A707F9-F817-4030-9361-D274903281E0}.Release|Win32.Build.0 = Release|Win32
	EndGlobalSection
	GlobalSection(SolutionProperties) = preSolution
		HideSolutionNode = FALSE
	EndGlobalSection
EndGlobal
